github.com/guchengxi1994/go_faker v0.4.0 h1:XxDKSajT8USdV/Q13XP5y/6BRW4wSITugcqrjU9xlf0=
github.com/guchengxi1994/go_faker v0.4.0/go.mod h1:OGJ3uCI7mjxjKIZtzofWQI8dzvWXEmf8SwIAyd9urdQ=
github.com/guchengxi1994/pyLikeType v0.0.2 h1:h7cQPgZUkOrniXeQl3lX/6HDvuBHQgFvYoqbc5NQW1o=
github.com/guchengxi1994/pyLikeType v0.0.2/go.mod h1:ujgbIpgZ7JiGb+vncOUgl32CIKhhlwK+HIb/YmrwqDI=
github.com/mozillazg/go-pinyin v0.18.0 h1:hQompXO23/0ohH8YNjvfsAITnCQImCiR/Fny8EhIeW0=
github.com/mozillazg/go-pinyin v0.18.0/go.mod h1:iR4EnMMRXkfpFVV5FMi4FNB6wGq9NV6uDWbUuPhP4Yc=
